Microsoft Visual Studio Solution File, Format Version 12.00
# Visual Studio 2013
Project("{8BC9CEB8-8B4A-11D0-8D11-00A0C91BC942}") = "ALL_BUILD", "ALL_BUILD.vcxproj", "{EAD5AAD3-F77D-4F60-931E-55A239D024AA}"
	ProjectSection(ProjectDependencies) = postProject
		{4EAD5755-BE40-4D03-807F-3DEE3E9440AB} = {4EAD5755-BE40-4D03-807F-3DEE3E9440AB}
		{08A9B4F2-9A2D-4298-BEE2-DBEDC7259E2D} = {08A9B4F2-9A2D-4298-BEE2-DBEDC7259E2D}
		{5D5BAF21-554B-4D08-8DF1-1E115E887379} = {5D5BAF21-554B-4D08-8DF1-1E115E887379}
		{57037E1D-0482-44E8-BC96-6FD24457B514} = {57037E1D-0482-44E8-BC96-6FD24457B514}
		{BF185708-7570-41A7-9189-AD8F17B80566} = {BF185708-7570-41A7-9189-AD8F17B80566}
		{A5E5CA0D-F53E-4FEB-B526-A24B881B66DB} = {A5E5CA0D-F53E-4FEB-B526-A24B881B66DB}
		{5364E939-4383-471F-A4B2-761AA801A589} = {5364E939-4383-471F-A4B2-761AA801A589}
		{277653D5-9340-42D1-BB0E-8EBA3E359427} = {277653D5-9340-42D1-BB0E-8EBA3E359427}
		{612C1388-D6D2-44E1-805A-27C899F36D14} = {612C1388-D6D2-44E1-805A-27C899F36D14}
		{A31C8EC5-0E77-4ADF-8950-D3AA1C01DE4E} = {A31C8EC5-0E77-4ADF-8950-D3AA1C01DE4E}
		{E5A50426-D509-42B6-9CDC-FA30F624FBA4} = {E5A50426-D509-42B6-9CDC-FA30F624FBA4}
		{EB05CC49-2A9B-4ABE-83BF-977173C592D2} = {EB05CC49-2A9B-4ABE-83BF-977173C592D2}
		{0997EF5F-B6D5-47A7-B562-1AD89C410227} = {0997EF5F-B6D5-47A7-B562-1AD89C410227}
		{EF89952E-9320-48DE-8B5F-6DE8973C62C9} = {EF89952E-9320-48DE-8B5F-6DE8973C62C9}
		{AC8DE88D-9F29-4C08-A358-CC74D848FE65} = {AC8DE88D-9F29-4C08-A358-CC74D848FE65}
		{1F1D7B24-E318-45D8-87D1-AF0799D4F810} = {1F1D7B24-E318-45D8-87D1-AF0799D4F810}
		{02508C5D-3C5C-43F3-A267-9D21A435C77B} = {02508C5D-3C5C-43F3-A267-9D21A435C77B}
		{D831722B-0339-4A8E-8045-F5428AE2FAAD} = {D831722B-0339-4A8E-8045-F5428AE2FAAD}
		{4ADFBAF7-855C-43BA-8043-4D407934C9EA} = {4ADFBAF7-855C-43BA-8043-4D407934C9EA}
		{11833BAF-CE5A-4A5A-936E-1CD45AF8A3CF} = {11833BAF-CE5A-4A5A-936E-1CD45AF8A3CF}
		{62F7EF5B-269B-40C4-AC06-0487E510525A} = {62F7EF5B-269B-40C4-AC06-0487E510525A}
		{59628275-1243-4AA9-B1EB-9BBEA6B765AD} = {59628275-1243-4AA9-B1EB-9BBEA6B765AD}
		{EA74309B-89D0-4321-89BD-79E97C4A6CBF} = {EA74309B-89D0-4321-89BD-79E97C4A6CBF}
		{B76F8649-FD9A-4902-A6D8-5F6AA6E8C82C} = {B76F8649-FD9A-4902-A6D8-5F6AA6E8C82C}
		{1C7D0B08-E2FA-44AC-B27C-68A60068861A} = {1C7D0B08-E2FA-44AC-B27C-68A60068861A}
		{795867C5-AC23-4073-9E32-B3EA15310B26} = {795867C5-AC23-4073-9E32-B3EA15310B26}
		{B0B15F45-EA1E-460E-9C74-53B589083771} = {B0B15F45-EA1E-460E-9C74-53B589083771}
		{F1A759F9-8D97-41D8-A1D0-6DD0B7C9670A} = {F1A759F9-8D97-41D8-A1D0-6DD0B7C9670A}
		{CACE3E54-8132-4406-B30E-A0FEF5151838} = {CACE3E54-8132-4406-B30E-A0FEF5151838}
		{403FCFBB-7852-47A9-ABC2-2BE00A95D54F} = {403FCFBB-7852-47A9-ABC2-2BE00A95D54F}
		{1C67AE38-209F-4228-8A50-EEB1401D8CAB} = {1C67AE38-209F-4228-8A50-EEB1401D8CAB}
		{039F4BF6-0FB3-4A0F-ABF6-319E527C4477} = {039F4BF6-0FB3-4A0F-ABF6-319E527C4477}
		{A8FE2512-8153-4DD1-92CF-9C3C23215A32} = {A8FE2512-8153-4DD1-92CF-9C3C23215A32}
		{8F4CA099-B41F-4870-A7DE-86407C43F2CB} = {8F4CA099-B41F-4870-A7DE-86407C43F2CB}
		{F45DB802-9E4E-4629-9724-202D16253292} = {F45DB802-9E4E-4629-9724-202D16253292}
		{A9255EC6-7045-4E3D-A44B-54E6424F73F8} = {A9255EC6-7045-4E3D-A44B-54E6424F73F8}
		{F24DFF5C-27C2-44DF-A3AD-FBD4618A3949} = {F24DFF5C-27C2-44DF-A3AD-FBD4618A3949}
		{25F3A7CE-8162-4E1D-A4EE-0F86F052DAD9} = {25F3A7CE-8162-4E1D-A4EE-0F86F052DAD9}
		{A2953A45-A27B-4175-A6EE-36D688811120} = {A2953A45-A27B-4175-A6EE-36D688811120}
		{D1D4332E-8AD6-4F9B-9C73-472BF7E00722} = {D1D4332E-8AD6-4F9B-9C73-472BF7E00722}
		{2D0E0991-B159-490E-9D19-93442C67D821} = {2D0E0991-B159-490E-9D19-93442C67D821}
		{45A628D7-9F95-4B97-ADF5-A1D7DEA7C05C} = {45A628D7-9F95-4B97-ADF5-A1D7DEA7C05C}
		{584FF3ED-5DC4-4394-97E9-034F580A82FF} = {584FF3ED-5DC4-4394-97E9-034F580A82FF}
	EndProjectSection
EndProject
Project("{8BC9CEB8-8B4A-11D0-8D11-00A0C91BC942}") = "INSTALL", "INSTALL.vcxproj", "{1726F00B-4FDD-4D37-8A77-6BCECCE32986}"
	ProjectSection(ProjectDependencies) = postProject
		{EAD5AAD3-F77D-4F60-931E-55A239D024AA} = {EAD5AAD3-F77D-4F60-931E-55A239D024AA}
	EndProjectSection
EndProject
Project("{8BC9CEB8-8B4A-11D0-8D11-00A0C91BC942}") = "PACKAGE", "PACKAGE.vcxproj", "{352AB9AA-E992-4600-BDD8-BC1190808362}"
	ProjectSection(ProjectDependencies) = postProject
		{EAD5AAD3-F77D-4F60-931E-55A239D024AA} = {EAD5AAD3-F77D-4F60-931E-55A239D024AA}
	EndProjectSection
EndProject
Project("{8BC9CEB8-8B4A-11D0-8D11-00A0C91BC942}") = "RUN_TESTS", "RUN_TESTS.vcxproj", "{3D8F5655-18E6-4896-A868-F441CBA8D755}"
	ProjectSection(ProjectDependencies) = postProject
	EndProjectSection
EndProject
Project("{8BC9CEB8-8B4A-11D0-8D11-00A0C91BC942}") = "ZERO_CHECK", "ZERO_CHECK.vcxproj", "{4EAD5755-BE40-4D03-807F-3DEE3E9440AB}"
	ProjectSection(ProjectDependencies) = postProject
	EndProjectSection
EndProject
Project("{8BC9CEB8-8B4A-11D0-8D11-00A0C91BC942}") = "block", "block.vcxproj", "{08A9B4F2-9A2D-4298-BEE2-DBEDC7259E2D}"
	ProjectSection(ProjectDependencies) = postProject
		{4EAD5755-BE40-4D03-807F-3DEE3E9440AB} = {4EAD5755-BE40-4D03-807F-3DEE3E9440AB}
		{EA74309B-89D0-4321-89BD-79E97C4A6CBF} = {EA74309B-89D0-4321-89BD-79E97C4A6CBF}
	EndProjectSection
EndProject
Project("{8BC9CEB8-8B4A-11D0-8D11-00A0C91BC942}") = "bus", "bus.vcxproj", "{5D5BAF21-554B-4D08-8DF1-1E115E887379}"
	ProjectSection(ProjectDependencies) = postProject
		{4EAD5755-BE40-4D03-807F-3DEE3E9440AB} = {4EAD5755-BE40-4D03-807F-3DEE3E9440AB}
		{EA74309B-89D0-4321-89BD-79E97C4A6CBF} = {EA74309B-89D0-4321-89BD-79E97C4A6CBF}
	EndProjectSection
EndProject
Project("{8BC9CEB8-8B4A-11D0-8D11-00A0C91BC942}") = "cmsg", "cmsg.vcxproj", "{57037E1D-0482-44E8-BC96-6FD24457B514}"
	ProjectSection(ProjectDependencies) = postProject
		{4EAD5755-BE40-4D03-807F-3DEE3E9440AB} = {4EAD5755-BE40-4D03-807F-3DEE3E9440AB}
		{EA74309B-89D0-4321-89BD-79E97C4A6CBF} = {EA74309B-89D0-4321-89BD-79E97C4A6CBF}
	EndProjectSection
EndProject
Project("{8BC9CEB8-8B4A-11D0-8D11-00A0C91BC942}") = "device", "device.vcxproj", "{BF185708-7570-41A7-9189-AD8F17B80566}"
	ProjectSection(ProjectDependencies) = postProject
		{4EAD5755-BE40-4D03-807F-3DEE3E9440AB} = {4EAD5755-BE40-4D03-807F-3DEE3E9440AB}
		{EA74309B-89D0-4321-89BD-79E97C4A6CBF} = {EA74309B-89D0-4321-89BD-79E97C4A6CBF}
	EndProjectSection
EndProject
Project("{8BC9CEB8-8B4A-11D0-8D11-00A0C91BC942}") = "domain", "domain.vcxproj", "{A5E5CA0D-F53E-4FEB-B526-A24B881B66DB}"
	ProjectSection(ProjectDependencies) = postProject
		{4EAD5755-BE40-4D03-807F-3DEE3E9440AB} = {4EAD5755-BE40-4D03-807F-3DEE3E9440AB}
		{EA74309B-89D0-4321-89BD-79E97C4A6CBF} = {EA74309B-89D0-4321-89BD-79E97C4A6CBF}
	EndProjectSection
EndProject
Project("{8BC9CEB8-8B4A-11D0-8D11-00A0C91BC942}") = "emfile", "emfile.vcxproj", "{5364E939-4383-471F-A4B2-761AA801A589}"
	ProjectSection(ProjectDependencies) = postProject
		{4EAD5755-BE40-4D03-807F-3DEE3E9440AB} = {4EAD5755-BE40-4D03-807F-3DEE3E9440AB}
		{EA74309B-89D0-4321-89BD-79E97C4A6CBF} = {EA74309B-89D0-4321-89BD-79E97C4A6CBF}
	EndProjectSection
EndProject
Project("{8BC9CEB8-8B4A-11D0-8D11-00A0C91BC942}") = "hash", "hash.vcxproj", "{277653D5-9340-42D1-BB0E-8EBA3E359427}"
	ProjectSection(ProjectDependencies) = postProject
		{4EAD5755-BE40-4D03-807F-3DEE3E9440AB} = {4EAD5755-BE40-4D03-807F-3DEE3E9440AB}
		{EA74309B-89D0-4321-89BD-79E97C4A6CBF} = {EA74309B-89D0-4321-89BD-79E97C4A6CBF}
	EndProjectSection
EndProject
Project("{8BC9CEB8-8B4A-11D0-8D11-00A0C91BC942}") = "inproc", "inproc.vcxproj", "{612C1388-D6D2-44E1-805A-27C899F36D14}"
	ProjectSection(ProjectDependencies) = postProject
		{4EAD5755-BE40-4D03-807F-3DEE3E9440AB} = {4EAD5755-BE40-4D03-807F-3DEE3E9440AB}
		{EA74309B-89D0-4321-89BD-79E97C4A6CBF} = {EA74309B-89D0-4321-89BD-79E97C4A6CBF}
	EndProjectSection
EndProject
Project("{8BC9CEB8-8B4A-11D0-8D11-00A0C91BC942}") = "inproc_lat", "inproc_lat.vcxproj", "{A31C8EC5-0E77-4ADF-8950-D3AA1C01DE4E}"
	ProjectSection(ProjectDependencies) = postProject
		{4EAD5755-BE40-4D03-807F-3DEE3E9440AB} = {4EAD5755-BE40-4D03-807F-3DEE3E9440AB}
		{EA74309B-89D0-4321-89BD-79E97C4A6CBF} = {EA74309B-89D0-4321-89BD-79E97C4A6CBF}
	EndProjectSection
EndProject
Project("{8BC9CEB8-8B4A-11D0-8D11-00A0C91BC942}") = "inproc_shutdown", "inproc_shutdown.vcxproj", "{E5A50426-D509-42B6-9CDC-FA30F624FBA4}"
	ProjectSection(ProjectDependencies) = postProject
		{4EAD5755-BE40-4D03-807F-3DEE3E9440AB} = {4EAD5755-BE40-4D03-807F-3DEE3E9440AB}
		{EA74309B-89D0-4321-89BD-79E97C4A6CBF} = {EA74309B-89D0-4321-89BD-79E97C4A6CBF}
	EndProjectSection
EndProject
Project("{8BC9CEB8-8B4A-11D0-8D11-00A0C91BC942}") = "inproc_thr", "inproc_thr.vcxproj", "{EB05CC49-2A9B-4ABE-83BF-977173C592D2}"
	ProjectSection(ProjectDependencies) = postProject
		{4EAD5755-BE40-4D03-807F-3DEE3E9440AB} = {4EAD5755-BE40-4D03-807F-3DEE3E9440AB}
		{EA74309B-89D0-4321-89BD-79E97C4A6CBF} = {EA74309B-89D0-4321-89BD-79E97C4A6CBF}
	EndProjectSection
EndProject
Project("{8BC9CEB8-8B4A-11D0-8D11-00A0C91BC942}") = "iovec", "iovec.vcxproj", "{0997EF5F-B6D5-47A7-B562-1AD89C410227}"
	ProjectSection(ProjectDependencies) = postProject
		{4EAD5755-BE40-4D03-807F-3DEE3E9440AB} = {4EAD5755-BE40-4D03-807F-3DEE3E9440AB}
		{EA74309B-89D0-4321-89BD-79E97C4A6CBF} = {EA74309B-89D0-4321-89BD-79E97C4A6CBF}
	EndProjectSection
EndProject
Project("{8BC9CEB8-8B4A-11D0-8D11-00A0C91BC942}") = "ipc", "ipc.vcxproj", "{EF89952E-9320-48DE-8B5F-6DE8973C62C9}"
	ProjectSection(ProjectDependencies) = postProject
		{4EAD5755-BE40-4D03-807F-3DEE3E9440AB} = {4EAD5755-BE40-4D03-807F-3DEE3E9440AB}
		{EA74309B-89D0-4321-89BD-79E97C4A6CBF} = {EA74309B-89D0-4321-89BD-79E97C4A6CBF}
	EndProjectSection
EndProject
Project("{8BC9CEB8-8B4A-11D0-8D11-00A0C91BC942}") = "ipc_shutdown", "ipc_shutdown.vcxproj", "{AC8DE88D-9F29-4C08-A358-CC74D848FE65}"
	ProjectSection(ProjectDependencies) = postProject
		{4EAD5755-BE40-4D03-807F-3DEE3E9440AB} = {4EAD5755-BE40-4D03-807F-3DEE3E9440AB}
		{EA74309B-89D0-4321-89BD-79E97C4A6CBF} = {EA74309B-89D0-4321-89BD-79E97C4A6CBF}
	EndProjectSection
EndProject
Project("{8BC9CEB8-8B4A-11D0-8D11-00A0C91BC942}") = "ipc_stress", "ipc_stress.vcxproj", "{1F1D7B24-E318-45D8-87D1-AF0799D4F810}"
	ProjectSection(ProjectDependencies) = postProject
		{4EAD5755-BE40-4D03-807F-3DEE3E9440AB} = {4EAD5755-BE40-4D03-807F-3DEE3E9440AB}
		{EA74309B-89D0-4321-89BD-79E97C4A6CBF} = {EA74309B-89D0-4321-89BD-79E97C4A6CBF}
	EndProjectSection
EndProject
Project("{8BC9CEB8-8B4A-11D0-8D11-00A0C91BC942}") = "list", "list.vcxproj", "{02508C5D-3C5C-43F3-A267-9D21A435C77B}"
	ProjectSection(ProjectDependencies) = postProject
		{4EAD5755-BE40-4D03-807F-3DEE3E9440AB} = {4EAD5755-BE40-4D03-807F-3DEE3E9440AB}
		{EA74309B-89D0-4321-89BD-79E97C4A6CBF} = {EA74309B-89D0-4321-89BD-79E97C4A6CBF}
	EndProjectSection
EndProject
Project("{8BC9CEB8-8B4A-11D0-8D11-00A0C91BC942}") = "local_lat", "local_lat.vcxproj", "{D831722B-0339-4A8E-8045-F5428AE2FAAD}"
	ProjectSection(ProjectDependencies) = postProject
		{4EAD5755-BE40-4D03-807F-3DEE3E9440AB} = {4EAD5755-BE40-4D03-807F-3DEE3E9440AB}
		{EA74309B-89D0-4321-89BD-79E97C4A6CBF} = {EA74309B-89D0-4321-89BD-79E97C4A6CBF}
	EndProjectSection
EndProject
Project("{8BC9CEB8-8B4A-11D0-8D11-00A0C91BC942}") = "local_thr", "local_thr.vcxproj", "{4ADFBAF7-855C-43BA-8043-4D407934C9EA}"
	ProjectSection(ProjectDependencies) = postProject
		{4EAD5755-BE40-4D03-807F-3DEE3E9440AB} = {4EAD5755-BE40-4D03-807F-3DEE3E9440AB}
		{EA74309B-89D0-4321-89BD-79E97C4A6CBF} = {EA74309B-89D0-4321-89BD-79E97C4A6CBF}
	EndProjectSection
EndProject
Project("{8BC9CEB8-8B4A-11D0-8D11-00A0C91BC942}") = "lvnanomsg", "src\lvnanomsg.vcxproj", "{11833BAF-CE5A-4A5A-936E-1CD45AF8A3CF}"
	ProjectSection(ProjectDependencies) = postProject
		{4EAD5755-BE40-4D03-807F-3DEE3E9440AB} = {4EAD5755-BE40-4D03-807F-3DEE3E9440AB}
	EndProjectSection
EndProject
Project("{8BC9CEB8-8B4A-11D0-8D11-00A0C91BC942}") = "msg", "msg.vcxproj", "{62F7EF5B-269B-40C4-AC06-0487E510525A}"
	ProjectSection(ProjectDependencies) = postProject
		{4EAD5755-BE40-4D03-807F-3DEE3E9440AB} = {4EAD5755-BE40-4D03-807F-3DEE3E9440AB}
		{EA74309B-89D0-4321-89BD-79E97C4A6CBF} = {EA74309B-89D0-4321-89BD-79E97C4A6CBF}
	EndProjectSection
EndProject
Project("{8BC9CEB8-8B4A-11D0-8D11-00A0C91BC942}") = "nanocat", "nanocat.vcxproj", "{59628275-1243-4AA9-B1EB-9BBEA6B765AD}"
	ProjectSection(ProjectDependencies) = postProject
		{4EAD5755-BE40-4D03-807F-3DEE3E9440AB} = {4EAD5755-BE40-4D03-807F-3DEE3E9440AB}
		{EA74309B-89D0-4321-89BD-79E97C4A6CBF} = {EA74309B-89D0-4321-89BD-79E97C4A6CBF}
	EndProjectSection
EndProject
Project("{8BC9CEB8-8B4A-11D0-8D11-00A0C91BC942}") = "nanomsg", "src\nanomsg.vcxproj", "{EA74309B-89D0-4321-89BD-79E97C4A6CBF}"
	ProjectSection(ProjectDependencies) = postProject
		{4EAD5755-BE40-4D03-807F-3DEE3E9440AB} = {4EAD5755-BE40-4D03-807F-3DEE3E9440AB}
	EndProjectSection
EndProject
Project("{8BC9CEB8-8B4A-11D0-8D11-00A0C91BC942}") = "pair", "pair.vcxproj", "{B76F8649-FD9A-4902-A6D8-5F6AA6E8C82C}"
	ProjectSection(ProjectDependencies) = postProject
		{4EAD5755-BE40-4D03-807F-3DEE3E9440AB} = {4EAD5755-BE40-4D03-807F-3DEE3E9440AB}
		{EA74309B-89D0-4321-89BD-79E97C4A6CBF} = {EA74309B-89D0-4321-89BD-79E97C4A6CBF}
	EndProjectSection
EndProject
Project("{8BC9CEB8-8B4A-11D0-8D11-00A0C91BC942}") = "pipeline", "pipeline.vcxproj", "{1C7D0B08-E2FA-44AC-B27C-68A60068861A}"
	ProjectSection(ProjectDependencies) = postProject
		{4EAD5755-BE40-4D03-807F-3DEE3E9440AB} = {4EAD5755-BE40-4D03-807F-3DEE3E9440AB}
		{EA74309B-89D0-4321-89BD-79E97C4A6CBF} = {EA74309B-89D0-4321-89BD-79E97C4A6CBF}
	EndProjectSection
EndProject
Project("{8BC9CEB8-8B4A-11D0-8D11-00A0C91BC942}") = "poll", "poll.vcxproj", "{795867C5-AC23-4073-9E32-B3EA15310B26}"
	ProjectSection(ProjectDependencies) = postProject
		{4EAD5755-BE40-4D03-807F-3DEE3E9440AB} = {4EAD5755-BE40-4D03-807F-3DEE3E9440AB}
		{EA74309B-89D0-4321-89BD-79E97C4A6CBF} = {EA74309B-89D0-4321-89BD-79E97C4A6CBF}
	EndProjectSection
EndProject
Project("{8BC9CEB8-8B4A-11D0-8D11-00A0C91BC942}") = "prio", "prio.vcxproj", "{B0B15F45-EA1E-460E-9C74-53B589083771}"
	ProjectSection(ProjectDependencies) = postProject
		{4EAD5755-BE40-4D03-807F-3DEE3E9440AB} = {4EAD5755-BE40-4D03-807F-3DEE3E9440AB}
		{EA74309B-89D0-4321-89BD-79E97C4A6CBF} = {EA74309B-89D0-4321-89BD-79E97C4A6CBF}
	EndProjectSection
EndProject
Project("{8BC9CEB8-8B4A-11D0-8D11-00A0C91BC942}") = "pubsub", "pubsub.vcxproj", "{F1A759F9-8D97-41D8-A1D0-6DD0B7C9670A}"
	ProjectSection(ProjectDependencies) = postProject
		{4EAD5755-BE40-4D03-807F-3DEE3E9440AB} = {4EAD5755-BE40-4D03-807F-3DEE3E9440AB}
		{EA74309B-89D0-4321-89BD-79E97C4A6CBF} = {EA74309B-89D0-4321-89BD-79E97C4A6CBF}
	EndProjectSection
EndProject
Project("{8BC9CEB8-8B4A-11D0-8D11-00A0C91BC942}") = "remote_lat", "remote_lat.vcxproj", "{CACE3E54-8132-4406-B30E-A0FEF5151838}"
	ProjectSection(ProjectDependencies) = postProject
		{4EAD5755-BE40-4D03-807F-3DEE3E9440AB} = {4EAD5755-BE40-4D03-807F-3DEE3E9440AB}
		{EA74309B-89D0-4321-89BD-79E97C4A6CBF} = {EA74309B-89D0-4321-89BD-79E97C4A6CBF}
	EndProjectSection
EndProject
Project("{8BC9CEB8-8B4A-11D0-8D11-00A0C91BC942}") = "remote_thr", "remote_thr.vcxproj", "{403FCFBB-7852-47A9-ABC2-2BE00A95D54F}"
	ProjectSection(ProjectDependencies) = postProject
		{4EAD5755-BE40-4D03-807F-3DEE3E9440AB} = {4EAD5755-BE40-4D03-807F-3DEE3E9440AB}
		{EA74309B-89D0-4321-89BD-79E97C4A6CBF} = {EA74309B-89D0-4321-89BD-79E97C4A6CBF}
	EndProjectSection
EndProject
Project("{8BC9CEB8-8B4A-11D0-8D11-00A0C91BC942}") = "reqrep", "reqrep.vcxproj", "{1C67AE38-209F-4228-8A50-EEB1401D8CAB}"
	ProjectSection(ProjectDependencies) = postProject
		{4EAD5755-BE40-4D03-807F-3DEE3E9440AB} = {4EAD5755-BE40-4D03-807F-3DEE3E9440AB}
		{EA74309B-89D0-4321-89BD-79E97C4A6CBF} = {EA74309B-89D0-4321-89BD-79E97C4A6CBF}
	EndProjectSection
EndProject
Project("{8BC9CEB8-8B4A-11D0-8D11-00A0C91BC942}") = "separation", "separation.vcxproj", "{039F4BF6-0FB3-4A0F-ABF6-319E527C4477}"
	ProjectSection(ProjectDependencies) = postProject
		{4EAD5755-BE40-4D03-807F-3DEE3E9440AB} = {4EAD5755-BE40-4D03-807F-3DEE3E9440AB}
		{EA74309B-89D0-4321-89BD-79E97C4A6CBF} = {EA74309B-89D0-4321-89BD-79E97C4A6CBF}
	EndProjectSection
EndProject
Project("{8BC9CEB8-8B4A-11D0-8D11-00A0C91BC942}") = "shutdown", "shutdown.vcxproj", "{A8FE2512-8153-4DD1-92CF-9C3C23215A32}"
	ProjectSection(ProjectDependencies) = postProject
		{4EAD5755-BE40-4D03-807F-3DEE3E9440AB} = {4EAD5755-BE40-4D03-807F-3DEE3E9440AB}
		{EA74309B-89D0-4321-89BD-79E97C4A6CBF} = {EA74309B-89D0-4321-89BD-79E97C4A6CBF}
	EndProjectSection
EndProject
Project("{8BC9CEB8-8B4A-11D0-8D11-00A0C91BC942}") = "survey", "survey.vcxproj", "{8F4CA099-B41F-4870-A7DE-86407C43F2CB}"
	ProjectSection(ProjectDependencies) = postProject
		{4EAD5755-BE40-4D03-807F-3DEE3E9440AB} = {4EAD5755-BE40-4D03-807F-3DEE3E9440AB}
		{EA74309B-89D0-4321-89BD-79E97C4A6CBF} = {EA74309B-89D0-4321-89BD-79E97C4A6CBF}
	EndProjectSection
EndProject
Project("{8BC9CEB8-8B4A-11D0-8D11-00A0C91BC942}") = "symbol", "symbol.vcxproj", "{F45DB802-9E4E-4629-9724-202D16253292}"
	ProjectSection(ProjectDependencies) = postProject
		{4EAD5755-BE40-4D03-807F-3DEE3E9440AB} = {4EAD5755-BE40-4D03-807F-3DEE3E9440AB}
		{EA74309B-89D0-4321-89BD-79E97C4A6CBF} = {EA74309B-89D0-4321-89BD-79E97C4A6CBF}
	EndProjectSection
EndProject
Project("{8BC9CEB8-8B4A-11D0-8D11-00A0C91BC942}") = "tcp", "tcp.vcxproj", "{A9255EC6-7045-4E3D-A44B-54E6424F73F8}"
	ProjectSection(ProjectDependencies) = postProject
		{4EAD5755-BE40-4D03-807F-3DEE3E9440AB} = {4EAD5755-BE40-4D03-807F-3DEE3E9440AB}
		{EA74309B-89D0-4321-89BD-79E97C4A6CBF} = {EA74309B-89D0-4321-89BD-79E97C4A6CBF}
	EndProjectSection
EndProject
Project("{8BC9CEB8-8B4A-11D0-8D11-00A0C91BC942}") = "tcp_shutdown", "tcp_shutdown.vcxproj", "{F24DFF5C-27C2-44DF-A3AD-FBD4618A3949}"
	ProjectSection(ProjectDependencies) = postProject
		{4EAD5755-BE40-4D03-807F-3DEE3E9440AB} = {4EAD5755-BE40-4D03-807F-3DEE3E9440AB}
		{EA74309B-89D0-4321-89BD-79E97C4A6CBF} = {EA74309B-89D0-4321-89BD-79E97C4A6CBF}
	EndProjectSection
EndProject
Project("{8BC9CEB8-8B4A-11D0-8D11-00A0C91BC942}") = "tcpmux", "tcpmux.vcxproj", "{25F3A7CE-8162-4E1D-A4EE-0F86F052DAD9}"
	ProjectSection(ProjectDependencies) = postProject
		{4EAD5755-BE40-4D03-807F-3DEE3E9440AB} = {4EAD5755-BE40-4D03-807F-3DEE3E9440AB}
		{EA74309B-89D0-4321-89BD-79E97C4A6CBF} = {EA74309B-89D0-4321-89BD-79E97C4A6CBF}
	EndProjectSection
EndProject
Project("{8BC9CEB8-8B4A-11D0-8D11-00A0C91BC942}") = "term", "term.vcxproj", "{A2953A45-A27B-4175-A6EE-36D688811120}"
	ProjectSection(ProjectDependencies) = postProject
		{4EAD5755-BE40-4D03-807F-3DEE3E9440AB} = {4EAD5755-BE40-4D03-807F-3DEE3E9440AB}
		{EA74309B-89D0-4321-89BD-79E97C4A6CBF} = {EA74309B-89D0-4321-89BD-79E97C4A6CBF}
	EndProjectSection
EndProject
Project("{8BC9CEB8-8B4A-11D0-8D11-00A0C91BC942}") = "timeo", "timeo.vcxproj", "{D1D4332E-8AD6-4F9B-9C73-472BF7E00722}"
	ProjectSection(ProjectDependencies) = postProject
		{4EAD5755-BE40-4D03-807F-3DEE3E9440AB} = {4EAD5755-BE40-4D03-807F-3DEE3E9440AB}
		{EA74309B-89D0-4321-89BD-79E97C4A6CBF} = {EA74309B-89D0-4321-89BD-79E97C4A6CBF}
	EndProjectSection
EndProject
Project("{8BC9CEB8-8B4A-11D0-8D11-00A0C91BC942}") = "trie", "trie.vcxproj", "{2D0E0991-B159-490E-9D19-93442C67D821}"
	ProjectSection(ProjectDependencies) = postProject
		{4EAD5755-BE40-4D03-807F-3DEE3E9440AB} = {4EAD5755-BE40-4D03-807F-3DEE3E9440AB}
		{EA74309B-89D0-4321-89BD-79E97C4A6CBF} = {EA74309B-89D0-4321-89BD-79E97C4A6CBF}
	EndProjectSection
EndProject
Project("{8BC9CEB8-8B4A-11D0-8D11-00A0C91BC942}") = "ws", "ws.vcxproj", "{45A628D7-9F95-4B97-ADF5-A1D7DEA7C05C}"
	ProjectSection(ProjectDependencies) = postProject
		{4EAD5755-BE40-4D03-807F-3DEE3E9440AB} = {4EAD5755-BE40-4D03-807F-3DEE3E9440AB}
		{EA74309B-89D0-4321-89BD-79E97C4A6CBF} = {EA74309B-89D0-4321-89BD-79E97C4A6CBF}
	EndProjectSection
EndProject
Project("{8BC9CEB8-8B4A-11D0-8D11-00A0C91BC942}") = "zerocopy", "zerocopy.vcxproj", "{584FF3ED-5DC4-4394-97E9-034F580A82FF}"
	ProjectSection(ProjectDependencies) = postProject
		{4EAD5755-BE40-4D03-807F-3DEE3E9440AB} = {4EAD5755-BE40-4D03-807F-3DEE3E9440AB}
		{EA74309B-89D0-4321-89BD-79E97C4A6CBF} = {EA74309B-89D0-4321-89BD-79E97C4A6CBF}
	EndProjectSection
EndProject
Global
	GlobalSection(SolutionConfigurationPlatforms) = preSolution
		Debug|Win32 = Debug|Win32
		Release|Win32 = Release|Win32
		MinSizeRel|Win32 = MinSizeRel|Win32
		RelWithDebInfo|Win32 = RelWithDebInfo|Win32
	EndGlobalSection
	GlobalSection(ProjectConfigurationPlatforms) = postSolution
		{EAD5AAD3-F77D-4F60-931E-55A239D024AA}.Debug|Win32.ActiveCfg = Debug|Win32
		{EAD5AAD3-F77D-4F60-931E-55A239D024AA}.Debug|Win32.Build.0 = Debug|Win32
		{EAD5AAD3-F77D-4F60-931E-55A239D024AA}.Release|Win32.ActiveCfg = Release|Win32
		{EAD5AAD3-F77D-4F60-931E-55A239D024AA}.Release|Win32.Build.0 = Release|Win32
		{EAD5AAD3-F77D-4F60-931E-55A239D024AA}.MinSizeRel|Win32.ActiveCfg = MinSizeRel|Win32
		{EAD5AAD3-F77D-4F60-931E-55A239D024AA}.MinSizeRel|Win32.Build.0 = MinSizeRel|Win32
		{EAD5AAD3-F77D-4F60-931E-55A239D024AA}.RelWithDebInfo|Win32.ActiveCfg = RelWithDebInfo|Win32
		{EAD5AAD3-F77D-4F60-931E-55A239D024AA}.RelWithDebInfo|Win32.Build.0 = RelWithDebInfo|Win32
		{1726F00B-4FDD-4D37-8A77-6BCECCE32986}.Debug|Win32.ActiveCfg = Debug|Win32
		{1726F00B-4FDD-4D37-8A77-6BCECCE32986}.Release|Win32.ActiveCfg = Release|Win32
		{1726F00B-4FDD-4D37-8A77-6BCECCE32986}.MinSizeRel|Win32.ActiveCfg = MinSizeRel|Win32
		{1726F00B-4FDD-4D37-8A77-6BCECCE32986}.RelWithDebInfo|Win32.ActiveCfg = RelWithDebInfo|Win32
		{352AB9AA-E992-4600-BDD8-BC1190808362}.Debug|Win32.ActiveCfg = Debug|Win32
		{352AB9AA-E992-4600-BDD8-BC1190808362}.Release|Win32.ActiveCfg = Release|Win32
		{352AB9AA-E992-4600-BDD8-BC1190808362}.MinSizeRel|Win32.ActiveCfg = MinSizeRel|Win32
		{352AB9AA-E992-4600-BDD8-BC1190808362}.RelWithDebInfo|Win32.ActiveCfg = RelWithDebInfo|Win32
		{3D8F5655-18E6-4896-A868-F441CBA8D755}.Debug|Win32.ActiveCfg = Debug|Win32
		{3D8F5655-18E6-4896-A868-F441CBA8D755}.Release|Win32.ActiveCfg = Release|Win32
		{3D8F5655-18E6-4896-A868-F441CBA8D755}.MinSizeRel|Win32.ActiveCfg = MinSizeRel|Win32
		{3D8F5655-18E6-4896-A868-F441CBA8D755}.RelWithDebInfo|Win32.ActiveCfg = RelWithDebInfo|Win32
		{4EAD5755-BE40-4D03-807F-3DEE3E9440AB}.Debug|Win32.ActiveCfg = Debug|Win32
		{4EAD5755-BE40-4D03-807F-3DEE3E9440AB}.Debug|Win32.Build.0 = Debug|Win32
		{4EAD5755-BE40-4D03-807F-3DEE3E9440AB}.Release|Win32.ActiveCfg = Release|Win32
		{4EAD5755-BE40-4D03-807F-3DEE3E9440AB}.Release|Win32.Build.0 = Release|Win32
		{4EAD5755-BE40-4D03-807F-3DEE3E9440AB}.MinSizeRel|Win32.ActiveCfg = MinSizeRel|Win32
		{4EAD5755-BE40-4D03-807F-3DEE3E9440AB}.MinSizeRel|Win32.Build.0 = MinSizeRel|Win32
		{4EAD5755-BE40-4D03-807F-3DEE3E9440AB}.RelWithDebInfo|Win32.ActiveCfg = RelWithDebInfo|Win32
		{4EAD5755-BE40-4D03-807F-3DEE3E9440AB}.RelWithDebInfo|Win32.Build.0 = RelWithDebInfo|Win32
		{08A9B4F2-9A2D-4298-BEE2-DBEDC7259E2D}.Debug|Win32.ActiveCfg = Debug|Win32
		{08A9B4F2-9A2D-4298-BEE2-DBEDC7259E2D}.Debug|Win32.Build.0 = Debug|Win32
		{08A9B4F2-9A2D-4298-BEE2-DBEDC7259E2D}.Release|Win32.ActiveCfg = Release|Win32
		{08A9B4F2-9A2D-4298-BEE2-DBEDC7259E2D}.Release|Win32.Build.0 = Release|Win32
		{08A9B4F2-9A2D-4298-BEE2-DBEDC7259E2D}.MinSizeRel|Win32.ActiveCfg = MinSizeRel|Win32
		{08A9B4F2-9A2D-4298-BEE2-DBEDC7259E2D}.MinSizeRel|Win32.Build.0 = MinSizeRel|Win32
		{08A9B4F2-9A2D-4298-BEE2-DBEDC7259E2D}.RelWithDebInfo|Win32.ActiveCfg = RelWithDebInfo|Win32
		{08A9B4F2-9A2D-4298-BEE2-DBEDC7259E2D}.RelWithDebInfo|Win32.Build.0 = RelWithDebInfo|Win32
		{5D5BAF21-554B-4D08-8DF1-1E115E887379}.Debug|Win32.ActiveCfg = Debug|Win32
		{5D5BAF21-554B-4D08-8DF1-1E115E887379}.Debug|Win32.Build.0 = Debug|Win32
		{5D5BAF21-554B-4D08-8DF1-1E115E887379}.Release|Win32.ActiveCfg = Release|Win32
		{5D5BAF21-554B-4D08-8DF1-1E115E887379}.Release|Win32.Build.0 = Release|Win32
		{5D5BAF21-554B-4D08-8DF1-1E115E887379}.MinSizeRel|Win32.ActiveCfg = MinSizeRel|Win32
		{5D5BAF21-554B-4D08-8DF1-1E115E887379}.MinSizeRel|Win32.Build.0 = MinSizeRel|Win32
		{5D5BAF21-554B-4D08-8DF1-1E115E887379}.RelWithDebInfo|Win32.ActiveCfg = RelWithDebInfo|Win32
		{5D5BAF21-554B-4D08-8DF1-1E115E887379}.RelWithDebInfo|Win32.Build.0 = RelWithDebInfo|Win32
		{57037E1D-0482-44E8-BC96-6FD24457B514}.Debug|Win32.ActiveCfg = Debug|Win32
		{57037E1D-0482-44E8-BC96-6FD24457B514}.Debug|Win32.Build.0 = Debug|Win32
		{57037E1D-0482-44E8-BC96-6FD24457B514}.Release|Win32.ActiveCfg = Release|Win32
		{57037E1D-0482-44E8-BC96-6FD24457B514}.Release|Win32.Build.0 = Release|Win32
		{57037E1D-0482-44E8-BC96-6FD24457B514}.MinSizeRel|Win32.ActiveCfg = MinSizeRel|Win32
		{57037E1D-0482-44E8-BC96-6FD24457B514}.MinSizeRel|Win32.Build.0 = MinSizeRel|Win32
		{57037E1D-0482-44E8-BC96-6FD24457B514}.RelWithDebInfo|Win32.ActiveCfg = RelWithDebInfo|Win32
		{57037E1D-0482-44E8-BC96-6FD24457B514}.RelWithDebInfo|Win32.Build.0 = RelWithDebInfo|Win32
		{BF185708-7570-41A7-9189-AD8F17B80566}.Debug|Win32.ActiveCfg = Debug|Win32
		{BF185708-7570-41A7-9189-AD8F17B80566}.Debug|Win32.Build.0 = Debug|Win32
		{BF185708-7570-41A7-9189-AD8F17B80566}.Release|Win32.ActiveCfg = Release|Win32
		{BF185708-7570-41A7-9189-AD8F17B80566}.Release|Win32.Build.0 = Release|Win32
		{BF185708-7570-41A7-9189-AD8F17B80566}.MinSizeRel|Win32.ActiveCfg = MinSizeRel|Win32
		{BF185708-7570-41A7-9189-AD8F17B80566}.MinSizeRel|Win32.Build.0 = MinSizeRel|Win32
		{BF185708-7570-41A7-9189-AD8F17B80566}.RelWithDebInfo|Win32.ActiveCfg = RelWithDebInfo|Win32
		{BF185708-7570-41A7-9189-AD8F17B80566}.RelWithDebInfo|Win32.Build.0 = RelWithDebInfo|Win32
		{A5E5CA0D-F53E-4FEB-B526-A24B881B66DB}.Debug|Win32.ActiveCfg = Debug|Win32
		{A5E5CA0D-F53E-4FEB-B526-A24B881B66DB}.Debug|Win32.Build.0 = Debug|Win32
		{A5E5CA0D-F53E-4FEB-B526-A24B881B66DB}.Release|Win32.ActiveCfg = Release|Win32
		{A5E5CA0D-F53E-4FEB-B526-A24B881B66DB}.Release|Win32.Build.0 = Release|Win32
		{A5E5CA0D-F53E-4FEB-B526-A24B881B66DB}.MinSizeRel|Win32.ActiveCfg = MinSizeRel|Win32
		{A5E5CA0D-F53E-4FEB-B526-A24B881B66DB}.MinSizeRel|Win32.Build.0 = MinSizeRel|Win32
		{A5E5CA0D-F53E-4FEB-B526-A24B881B66DB}.RelWithDebInfo|Win32.ActiveCfg = RelWithDebInfo|Win32
		{A5E5CA0D-F53E-4FEB-B526-A24B881B66DB}.RelWithDebInfo|Win32.Build.0 = RelWithDebInfo|Win32
		{5364E939-4383-471F-A4B2-761AA801A589}.Debug|Win32.ActiveCfg = Debug|Win32
		{5364E939-4383-471F-A4B2-761AA801A589}.Debug|Win32.Build.0 = Debug|Win32
		{5364E939-4383-471F-A4B2-761AA801A589}.Release|Win32.ActiveCfg = Release|Win32
		{5364E939-4383-471F-A4B2-761AA801A589}.Release|Win32.Build.0 = Release|Win32
		{5364E939-4383-471F-A4B2-761AA801A589}.MinSizeRel|Win32.ActiveCfg = MinSizeRel|Win32
		{5364E939-4383-471F-A4B2-761AA801A589}.MinSizeRel|Win32.Build.0 = MinSizeRel|Win32
		{5364E939-4383-471F-A4B2-761AA801A589}.RelWithDebInfo|Win32.ActiveCfg = RelWithDebInfo|Win32
		{5364E939-4383-471F-A4B2-761AA801A589}.RelWithDebInfo|Win32.Build.0 = RelWithDebInfo|Win32
		{277653D5-9340-42D1-BB0E-8EBA3E359427}.Debug|Win32.ActiveCfg = Debug|Win32
		{277653D5-9340-42D1-BB0E-8EBA3E359427}.Debug|Win32.Build.0 = Debug|Win32
		{277653D5-9340-42D1-BB0E-8EBA3E359427}.Release|Win32.ActiveCfg = Release|Win32
		{277653D5-9340-42D1-BB0E-8EBA3E359427}.Release|Win32.Build.0 = Release|Win32
		{277653D5-9340-42D1-BB0E-8EBA3E359427}.MinSizeRel|Win32.ActiveCfg = MinSizeRel|Win32
		{277653D5-9340-42D1-BB0E-8EBA3E359427}.MinSizeRel|Win32.Build.0 = MinSizeRel|Win32
		{277653D5-9340-42D1-BB0E-8EBA3E359427}.RelWithDebInfo|Win32.ActiveCfg = RelWithDebInfo|Win32
		{277653D5-9340-42D1-BB0E-8EBA3E359427}.RelWithDebInfo|Win32.Build.0 = RelWithDebInfo|Win32
		{612C1388-D6D2-44E1-805A-27C899F36D14}.Debug|Win32.ActiveCfg = Debug|Win32
		{612C1388-D6D2-44E1-805A-27C899F36D14}.Debug|Win32.Build.0 = Debug|Win32
		{612C1388-D6D2-44E1-805A-27C899F36D14}.Release|Win32.ActiveCfg = Release|Win32
		{612C1388-D6D2-44E1-805A-27C899F36D14}.Release|Win32.Build.0 = Release|Win32
		{612C1388-D6D2-44E1-805A-27C899F36D14}.MinSizeRel|Win32.ActiveCfg = MinSizeRel|Win32
		{612C1388-D6D2-44E1-805A-27C899F36D14}.MinSizeRel|Win32.Build.0 = MinSizeRel|Win32
		{612C1388-D6D2-44E1-805A-27C899F36D14}.RelWithDebInfo|Win32.ActiveCfg = RelWithDebInfo|Win32
		{612C1388-D6D2-44E1-805A-27C899F36D14}.RelWithDebInfo|Win32.Build.0 = RelWithDebInfo|Win32
		{A31C8EC5-0E77-4ADF-8950-D3AA1C01DE4E}.Debug|Win32.ActiveCfg = Debug|Win32
		{A31C8EC5-0E77-4ADF-8950-D3AA1C01DE4E}.Debug|Win32.Build.0 = Debug|Win32
		{A31C8EC5-0E77-4ADF-8950-D3AA1C01DE4E}.Release|Win32.ActiveCfg = Release|Win32
		{A31C8EC5-0E77-4ADF-8950-D3AA1C01DE4E}.Release|Win32.Build.0 = Release|Win32
		{A31C8EC5-0E77-4ADF-8950-D3AA1C01DE4E}.MinSizeRel|Win32.ActiveCfg = MinSizeRel|Win32
		{A31C8EC5-0E77-4ADF-8950-D3AA1C01DE4E}.MinSizeRel|Win32.Build.0 = MinSizeRel|Win32
		{A31C8EC5-0E77-4ADF-8950-D3AA1C01DE4E}.RelWithDebInfo|Win32.ActiveCfg = RelWithDebInfo|Win32
		{A31C8EC5-0E77-4ADF-8950-D3AA1C01DE4E}.RelWithDebInfo|Win32.Build.0 = RelWithDebInfo|Win32
		{E5A50426-D509-42B6-9CDC-FA30F624FBA4}.Debug|Win32.ActiveCfg = Debug|Win32
		{E5A50426-D509-42B6-9CDC-FA30F624FBA4}.Debug|Win32.Build.0 = Debug|Win32
		{E5A50426-D509-42B6-9CDC-FA30F624FBA4}.Release|Win32.ActiveCfg = Release|Win32
		{E5A50426-D509-42B6-9CDC-FA30F624FBA4}.Release|Win32.Build.0 = Release|Win32
		{E5A50426-D509-42B6-9CDC-FA30F624FBA4}.MinSizeRel|Win32.ActiveCfg = MinSizeRel|Win32
		{E5A50426-D509-42B6-9CDC-FA30F624FBA4}.MinSizeRel|Win32.Build.0 = MinSizeRel|Win32
		{E5A50426-D509-42B6-9CDC-FA30F624FBA4}.RelWithDebInfo|Win32.ActiveCfg = RelWithDebInfo|Win32
		{E5A50426-D509-42B6-9CDC-FA30F624FBA4}.RelWithDebInfo|Win32.Build.0 = RelWithDebInfo|Win32
		{EB05CC49-2A9B-4ABE-83BF-977173C592D2}.Debug|Win32.ActiveCfg = Debug|Win32
		{EB05CC49-2A9B-4ABE-83BF-977173C592D2}.Debug|Win32.Build.0 = Debug|Win32
		{EB05CC49-2A9B-4ABE-83BF-977173C592D2}.Release|Win32.ActiveCfg = Release|Win32
		{EB05CC49-2A9B-4ABE-83BF-977173C592D2}.Release|Win32.Build.0 = Release|Win32
		{EB05CC49-2A9B-4ABE-83BF-977173C592D2}.MinSizeRel|Win32.ActiveCfg = MinSizeRel|Win32
		{EB05CC49-2A9B-4ABE-83BF-977173C592D2}.MinSizeRel|Win32.Build.0 = MinSizeRel|Win32
		{EB05CC49-2A9B-4ABE-83BF-977173C592D2}.RelWithDebInfo|Win32.ActiveCfg = RelWithDebInfo|Win32
		{EB05CC49-2A9B-4ABE-83BF-977173C592D2}.RelWithDebInfo|Win32.Build.0 = RelWithDebInfo|Win32
		{0997EF5F-B6D5-47A7-B562-1AD89C410227}.Debug|Win32.ActiveCfg = Debug|Win32
		{0997EF5F-B6D5-47A7-B562-1AD89C410227}.Debug|Win32.Build.0 = Debug|Win32
		{0997EF5F-B6D5-47A7-B562-1AD89C410227}.Release|Win32.ActiveCfg = Release|Win32
		{0997EF5F-B6D5-47A7-B562-1AD89C410227}.Release|Win32.Build.0 = Release|Win32
		{0997EF5F-B6D5-47A7-B562-1AD89C410227}.MinSizeRel|Win32.ActiveCfg = MinSizeRel|Win32
		{0997EF5F-B6D5-47A7-B562-1AD89C410227}.MinSizeRel|Win32.Build.0 = MinSizeRel|Win32
		{0997EF5F-B6D5-47A7-B562-1AD89C410227}.RelWithDebInfo|Win32.ActiveCfg = RelWithDebInfo|Win32
		{0997EF5F-B6D5-47A7-B562-1AD89C410227}.RelWithDebInfo|Win32.Build.0 = RelWithDebInfo|Win32
		{EF89952E-9320-48DE-8B5F-6DE8973C62C9}.Debug|Win32.ActiveCfg = Debug|Win32
		{EF89952E-9320-48DE-8B5F-6DE8973C62C9}.Debug|Win32.Build.0 = Debug|Win32
		{EF89952E-9320-48DE-8B5F-6DE8973C62C9}.Release|Win32.ActiveCfg = Release|Win32
		{EF89952E-9320-48DE-8B5F-6DE8973C62C9}.Release|Win32.Build.0 = Release|Win32
		{EF89952E-9320-48DE-8B5F-6DE8973C62C9}.MinSizeRel|Win32.ActiveCfg = MinSizeRel|Win32
		{EF89952E-9320-48DE-8B5F-6DE8973C62C9}.MinSizeRel|Win32.Build.0 = MinSizeRel|Win32
		{EF89952E-9320-48DE-8B5F-6DE8973C62C9}.RelWithDebInfo|Win32.ActiveCfg = RelWithDebInfo|Win32
		{EF89952E-9320-48DE-8B5F-6DE8973C62C9}.RelWithDebInfo|Win32.Build.0 = RelWithDebInfo|Win32
		{AC8DE88D-9F29-4C08-A358-CC74D848FE65}.Debug|Win32.ActiveCfg = Debug|Win32
		{AC8DE88D-9F29-4C08-A358-CC74D848FE65}.Debug|Win32.Build.0 = Debug|Win32
		{AC8DE88D-9F29-4C08-A358-CC74D848FE65}.Release|Win32.ActiveCfg = Release|Win32
		{AC8DE88D-9F29-4C08-A358-CC74D848FE65}.Release|Win32.Build.0 = Release|Win32
		{AC8DE88D-9F29-4C08-A358-CC74D848FE65}.MinSizeRel|Win32.ActiveCfg = MinSizeRel|Win32
		{AC8DE88D-9F29-4C08-A358-CC74D848FE65}.MinSizeRel|Win32.Build.0 = MinSizeRel|Win32
		{AC8DE88D-9F29-4C08-A358-CC74D848FE65}.RelWithDebInfo|Win32.ActiveCfg = RelWithDebInfo|Win32
		{AC8DE88D-9F29-4C08-A358-CC74D848FE65}.RelWithDebInfo|Win32.Build.0 = RelWithDebInfo|Win32
		{1F1D7B24-E318-45D8-87D1-AF0799D4F810}.Debug|Win32.ActiveCfg = Debug|Win32
		{1F1D7B24-E318-45D8-87D1-AF0799D4F810}.Debug|Win32.Build.0 = Debug|Win32
		{1F1D7B24-E318-45D8-87D1-AF0799D4F810}.Release|Win32.ActiveCfg = Release|Win32
		{1F1D7B24-E318-45D8-87D1-AF0799D4F810}.Release|Win32.Build.0 = Release|Win32
		{1F1D7B24-E318-45D8-87D1-AF0799D4F810}.MinSizeRel|Win32.ActiveCfg = MinSizeRel|Win32
		{1F1D7B24-E318-45D8-87D1-AF0799D4F810}.MinSizeRel|Win32.Build.0 = MinSizeRel|Win32
		{1F1D7B24-E318-45D8-87D1-AF0799D4F810}.RelWithDebInfo|Win32.ActiveCfg = RelWithDebInfo|Win32
		{1F1D7B24-E318-45D8-87D1-AF0799D4F810}.RelWithDebInfo|Win32.Build.0 = RelWithDebInfo|Win32
		{02508C5D-3C5C-43F3-A267-9D21A435C77B}.Debug|Win32.ActiveCfg = Debug|Win32
		{02508C5D-3C5C-43F3-A267-9D21A435C77B}.Debug|Win32.Build.0 = Debug|Win32
		{02508C5D-3C5C-43F3-A267-9D21A435C77B}.Release|Win32.ActiveCfg = Release|Win32
		{02508C5D-3C5C-43F3-A267-9D21A435C77B}.Release|Win32.Build.0 = Release|Win32
		{02508C5D-3C5C-43F3-A267-9D21A435C77B}.MinSizeRel|Win32.ActiveCfg = MinSizeRel|Win32
		{02508C5D-3C5C-43F3-A267-9D21A435C77B}.MinSizeRel|Win32.Build.0 = MinSizeRel|Win32
		{02508C5D-3C5C-43F3-A267-9D21A435C77B}.RelWithDebInfo|Win32.ActiveCfg = RelWithDebInfo|Win32
		{02508C5D-3C5C-43F3-A267-9D21A435C77B}.RelWithDebInfo|Win32.Build.0 = RelWithDebInfo|Win32
		{D831722B-0339-4A8E-8045-F5428AE2FAAD}.Debug|Win32.ActiveCfg = Debug|Win32
		{D831722B-0339-4A8E-8045-F5428AE2FAAD}.Debug|Win32.Build.0 = Debug|Win32
		{D831722B-0339-4A8E-8045-F5428AE2FAAD}.Release|Win32.ActiveCfg = Release|Win32
		{D831722B-0339-4A8E-8045-F5428AE2FAAD}.Release|Win32.Build.0 = Release|Win32
		{D831722B-0339-4A8E-8045-F5428AE2FAAD}.MinSizeRel|Win32.ActiveCfg = MinSizeRel|Win32
		{D831722B-0339-4A8E-8045-F5428AE2FAAD}.MinSizeRel|Win32.Build.0 = MinSizeRel|Win32
		{D831722B-0339-4A8E-8045-F5428AE2FAAD}.RelWithDebInfo|Win32.ActiveCfg = RelWithDebInfo|Win32
		{D831722B-0339-4A8E-8045-F5428AE2FAAD}.RelWithDebInfo|Win32.Build.0 = RelWithDebInfo|Win32
		{4ADFBAF7-855C-43BA-8043-4D407934C9EA}.Debug|Win32.ActiveCfg = Debug|Win32
		{4ADFBAF7-855C-43BA-8043-4D407934C9EA}.Debug|Win32.Build.0 = Debug|Win32
		{4ADFBAF7-855C-43BA-8043-4D407934C9EA}.Release|Win32.ActiveCfg = Release|Win32
		{4ADFBAF7-855C-43BA-8043-4D407934C9EA}.Release|Win32.Build.0 = Release|Win32
		{4ADFBAF7-855C-43BA-8043-4D407934C9EA}.MinSizeRel|Win32.ActiveCfg = MinSizeRel|Win32
		{4ADFBAF7-855C-43BA-8043-4D407934C9EA}.MinSizeRel|Win32.Build.0 = MinSizeRel|Win32
		{4ADFBAF7-855C-43BA-8043-4D407934C9EA}.RelWithDebInfo|Win32.ActiveCfg = RelWithDebInfo|Win32
		{4ADFBAF7-855C-43BA-8043-4D407934C9EA}.RelWithDebInfo|Win32.Build.0 = RelWithDebInfo|Win32
		{11833BAF-CE5A-4A5A-936E-1CD45AF8A3CF}.Debug|Win32.ActiveCfg = Debug|Win32
		{11833BAF-CE5A-4A5A-936E-1CD45AF8A3CF}.Debug|Win32.Build.0 = Debug|Win32
		{11833BAF-CE5A-4A5A-936E-1CD45AF8A3CF}.Release|Win32.ActiveCfg = Release|Win32
		{11833BAF-CE5A-4A5A-936E-1CD45AF8A3CF}.Release|Win32.Build.0 = Release|Win32
		{11833BAF-CE5A-4A5A-936E-1CD45AF8A3CF}.MinSizeRel|Win32.ActiveCfg = MinSizeRel|Win32
		{11833BAF-CE5A-4A5A-936E-1CD45AF8A3CF}.MinSizeRel|Win32.Build.0 = MinSizeRel|Win32
		{11833BAF-CE5A-4A5A-936E-1CD45AF8A3CF}.RelWithDebInfo|Win32.ActiveCfg = RelWithDebInfo|Win32
		{11833BAF-CE5A-4A5A-936E-1CD45AF8A3CF}.RelWithDebInfo|Win32.Build.0 = RelWithDebInfo|Win32
		{62F7EF5B-269B-40C4-AC06-0487E510525A}.Debug|Win32.ActiveCfg = Debug|Win32
		{62F7EF5B-269B-40C4-AC06-0487E510525A}.Debug|Win32.Build.0 = Debug|Win32
		{62F7EF5B-269B-40C4-AC06-0487E510525A}.Release|Win32.ActiveCfg = Release|Win32
		{62F7EF5B-269B-40C4-AC06-0487E510525A}.Release|Win32.Build.0 = Release|Win32
		{62F7EF5B-269B-40C4-AC06-0487E510525A}.MinSizeRel|Win32.ActiveCfg = MinSizeRel|Win32
		{62F7EF5B-269B-40C4-AC06-0487E510525A}.MinSizeRel|Win32.Build.0 = MinSizeRel|Win32
		{62F7EF5B-269B-40C4-AC06-0487E510525A}.RelWithDebInfo|Win32.ActiveCfg = RelWithDebInfo|Win32
		{62F7EF5B-269B-40C4-AC06-0487E510525A}.RelWithDebInfo|Win32.Build.0 = RelWithDebInfo|Win32
		{59628275-1243-4AA9-B1EB-9BBEA6B765AD}.Debug|Win32.ActiveCfg = Debug|Win32
		{59628275-1243-4AA9-B1EB-9BBEA6B765AD}.Debug|Win32.Build.0 = Debug|Win32
		{59628275-1243-4AA9-B1EB-9BBEA6B765AD}.Release|Win32.ActiveCfg = Release|Win32
		{59628275-1243-4AA9-B1EB-9BBEA6B765AD}.Release|Win32.Build.0 = Release|Win32
		{59628275-1243-4AA9-B1EB-9BBEA6B765AD}.MinSizeRel|Win32.ActiveCfg = MinSizeRel|Win32
		{59628275-1243-4AA9-B1EB-9BBEA6B765AD}.MinSizeRel|Win32.Build.0 = MinSizeRel|Win32
		{59628275-1243-4AA9-B1EB-9BBEA6B765AD}.RelWithDebInfo|Win32.ActiveCfg = RelWithDebInfo|Win32
		{59628275-1243-4AA9-B1EB-9BBEA6B765AD}.RelWithDebInfo|Win32.Build.0 = RelWithDebInfo|Win32
		{EA74309B-89D0-4321-89BD-79E97C4A6CBF}.Debug|Win32.ActiveCfg = Debug|Win32
		{EA74309B-89D0-4321-89BD-79E97C4A6CBF}.Debug|Win32.Build.0 = Debug|Win32
		{EA74309B-89D0-4321-89BD-79E97C4A6CBF}.Release|Win32.ActiveCfg = Release|Win32
		{EA74309B-89D0-4321-89BD-79E97C4A6CBF}.Release|Win32.Build.0 = Release|Win32
		{EA74309B-89D0-4321-89BD-79E97C4A6CBF}.MinSizeRel|Win32.ActiveCfg = MinSizeRel|Win32
		{EA74309B-89D0-4321-89BD-79E97C4A6CBF}.MinSizeRel|Win32.Build.0 = MinSizeRel|Win32
		{EA74309B-89D0-4321-89BD-79E97C4A6CBF}.RelWithDebInfo|Win32.ActiveCfg = RelWithDebInfo|Win32
		{EA74309B-89D0-4321-89BD-79E97C4A6CBF}.RelWithDebInfo|Win32.Build.0 = RelWithDebInfo|Win32
		{B76F8649-FD9A-4902-A6D8-5F6AA6E8C82C}.Debug|Win32.ActiveCfg = Debug|Win32
		{B76F8649-FD9A-4902-A6D8-5F6AA6E8C82C}.Debug|Win32.Build.0 = Debug|Win32
		{B76F8649-FD9A-4902-A6D8-5F6AA6E8C82C}.Release|Win32.ActiveCfg = Release|Win32
		{B76F8649-FD9A-4902-A6D8-5F6AA6E8C82C}.Release|Win32.Build.0 = Release|Win32
		{B76F8649-FD9A-4902-A6D8-5F6AA6E8C82C}.MinSizeRel|Win32.ActiveCfg = MinSizeRel|Win32
		{B76F8649-FD9A-4902-A6D8-5F6AA6E8C82C}.MinSizeRel|Win32.Build.0 = MinSizeRel|Win32
		{B76F8649-FD9A-4902-A6D8-5F6AA6E8C82C}.RelWithDebInfo|Win32.ActiveCfg = RelWithDebInfo|Win32
		{B76F8649-FD9A-4902-A6D8-5F6AA6E8C82C}.RelWithDebInfo|Win32.Build.0 = RelWithDebInfo|Win32
		{1C7D0B08-E2FA-44AC-B27C-68A60068861A}.Debug|Win32.ActiveCfg = Debug|Win32
		{1C7D0B08-E2FA-44AC-B27C-68A60068861A}.Debug|Win32.Build.0 = Debug|Win32
		{1C7D0B08-E2FA-44AC-B27C-68A60068861A}.Release|Win32.ActiveCfg = Release|Win32
		{1C7D0B08-E2FA-44AC-B27C-68A60068861A}.Release|Win32.Build.0 = Release|Win32
		{1C7D0B08-E2FA-44AC-B27C-68A60068861A}.MinSizeRel|Win32.ActiveCfg = MinSizeRel|Win32
		{1C7D0B08-E2FA-44AC-B27C-68A60068861A}.MinSizeRel|Win32.Build.0 = MinSizeRel|Win32
		{1C7D0B08-E2FA-44AC-B27C-68A60068861A}.RelWithDebInfo|Win32.ActiveCfg = RelWithDebInfo|Win32
		{1C7D0B08-E2FA-44AC-B27C-68A60068861A}.RelWithDebInfo|Win32.Build.0 = RelWithDebInfo|Win32
		{795867C5-AC23-4073-9E32-B3EA15310B26}.Debug|Win32.ActiveCfg = Debug|Win32
		{795867C5-AC23-4073-9E32-B3EA15310B26}.Debug|Win32.Build.0 = Debug|Win32
		{795867C5-AC23-4073-9E32-B3EA15310B26}.Release|Win32.ActiveCfg = Release|Win32
		{795867C5-AC23-4073-9E32-B3EA15310B26}.Release|Win32.Build.0 = Release|Win32
		{795867C5-AC23-4073-9E32-B3EA15310B26}.MinSizeRel|Win32.ActiveCfg = MinSizeRel|Win32
		{795867C5-AC23-4073-9E32-B3EA15310B26}.MinSizeRel|Win32.Build.0 = MinSizeRel|Win32
		{795867C5-AC23-4073-9E32-B3EA15310B26}.RelWithDebInfo|Win32.ActiveCfg = RelWithDebInfo|Win32
		{795867C5-AC23-4073-9E32-B3EA15310B26}.RelWithDebInfo|Win32.Build.0 = RelWithDebInfo|Win32
		{B0B15F45-EA1E-460E-9C74-53B589083771}.Debug|Win32.ActiveCfg = Debug|Win32
		{B0B15F45-EA1E-460E-9C74-53B589083771}.Debug|Win32.Build.0 = Debug|Win32
		{B0B15F45-EA1E-460E-9C74-53B589083771}.Release|Win32.ActiveCfg = Release|Win32
		{B0B15F45-EA1E-460E-9C74-53B589083771}.Release|Win32.Build.0 = Release|Win32
		{B0B15F45-EA1E-460E-9C74-53B589083771}.MinSizeRel|Win32.ActiveCfg = MinSizeRel|Win32
		{B0B15F45-EA1E-460E-9C74-53B589083771}.MinSizeRel|Win32.Build.0 = MinSizeRel|Win32
		{B0B15F45-EA1E-460E-9C74-53B589083771}.RelWithDebInfo|Win32.ActiveCfg = RelWithDebInfo|Win32
		{B0B15F45-EA1E-460E-9C74-53B589083771}.RelWithDebInfo|Win32.Build.0 = RelWithDebInfo|Win32
		{F1A759F9-8D97-41D8-A1D0-6DD0B7C9670A}.Debug|Win32.ActiveCfg = Debug|Win32
		{F1A759F9-8D97-41D8-A1D0-6DD0B7C9670A}.Debug|Win32.Build.0 = Debug|Win32
		{F1A759F9-8D97-41D8-A1D0-6DD0B7C9670A}.Release|Win32.ActiveCfg = Release|Win32
		{F1A759F9-8D97-41D8-A1D0-6DD0B7C9670A}.Release|Win32.Build.0 = Release|Win32
		{F1A759F9-8D97-41D8-A1D0-6DD0B7C9670A}.MinSizeRel|Win32.ActiveCfg = MinSizeRel|Win32
		{F1A759F9-8D97-41D8-A1D0-6DD0B7C9670A}.MinSizeRel|Win32.Build.0 = MinSizeRel|Win32
		{F1A759F9-8D97-41D8-A1D0-6DD0B7C9670A}.RelWithDebInfo|Win32.ActiveCfg = RelWithDebInfo|Win32
		{F1A759F9-8D97-41D8-A1D0-6DD0B7C9670A}.RelWithDebInfo|Win32.Build.0 = RelWithDebInfo|Win32
		{CACE3E54-8132-4406-B30E-A0FEF5151838}.Debug|Win32.ActiveCfg = Debug|Win32
		{CACE3E54-8132-4406-B30E-A0FEF5151838}.Debug|Win32.Build.0 = Debug|Win32
		{CACE3E54-8132-4406-B30E-A0FEF5151838}.Release|Win32.ActiveCfg = Release|Win32
		{CACE3E54-8132-4406-B30E-A0FEF5151838}.Release|Win32.Build.0 = Release|Win32
		{CACE3E54-8132-4406-B30E-A0FEF5151838}.MinSizeRel|Win32.ActiveCfg = MinSizeRel|Win32
		{CACE3E54-8132-4406-B30E-A0FEF5151838}.MinSizeRel|Win32.Build.0 = MinSizeRel|Win32
		{CACE3E54-8132-4406-B30E-A0FEF5151838}.RelWithDebInfo|Win32.ActiveCfg = RelWithDebInfo|Win32
		{CACE3E54-8132-4406-B30E-A0FEF5151838}.RelWithDebInfo|Win32.Build.0 = RelWithDebInfo|Win32
		{403FCFBB-7852-47A9-ABC2-2BE00A95D54F}.Debug|Win32.ActiveCfg = Debug|Win32
		{403FCFBB-7852-47A9-ABC2-2BE00A95D54F}.Debug|Win32.Build.0 = Debug|Win32
		{403FCFBB-7852-47A9-ABC2-2BE00A95D54F}.Release|Win32.ActiveCfg = Release|Win32
		{403FCFBB-7852-47A9-ABC2-2BE00A95D54F}.Release|Win32.Build.0 = Release|Win32
		{403FCFBB-7852-47A9-ABC2-2BE00A95D54F}.MinSizeRel|Win32.ActiveCfg = MinSizeRel|Win32
		{403FCFBB-7852-47A9-ABC2-2BE00A95D54F}.MinSizeRel|Win32.Build.0 = MinSizeRel|Win32
		{403FCFBB-7852-47A9-ABC2-2BE00A95D54F}.RelWithDebInfo|Win32.ActiveCfg = RelWithDebInfo|Win32
		{403FCFBB-7852-47A9-ABC2-2BE00A95D54F}.RelWithDebInfo|Win32.Build.0 = RelWithDebInfo|Win32
		{1C67AE38-209F-4228-8A50-EEB1401D8CAB}.Debug|Win32.ActiveCfg = Debug|Win32
		{1C67AE38-209F-4228-8A50-EEB1401D8CAB}.Debug|Win32.Build.0 = Debug|Win32
		{1C67AE38-209F-4228-8A50-EEB1401D8CAB}.Release|Win32.ActiveCfg = Release|Win32
		{1C67AE38-209F-4228-8A50-EEB1401D8CAB}.Release|Win32.Build.0 = Release|Win32
		{1C67AE38-209F-4228-8A50-EEB1401D8CAB}.MinSizeRel|Win32.ActiveCfg = MinSizeRel|Win32
		{1C67AE38-209F-4228-8A50-EEB1401D8CAB}.MinSizeRel|Win32.Build.0 = MinSizeRel|Win32
		{1C67AE38-209F-4228-8A50-EEB1401D8CAB}.RelWithDebInfo|Win32.ActiveCfg = RelWithDebInfo|Win32
		{1C67AE38-209F-4228-8A50-EEB1401D8CAB}.RelWithDebInfo|Win32.Build.0 = RelWithDebInfo|Win32
		{039F4BF6-0FB3-4A0F-ABF6-319E527C4477}.Debug|Win32.ActiveCfg = Debug|Win32
		{039F4BF6-0FB3-4A0F-ABF6-319E527C4477}.Debug|Win32.Build.0 = Debug|Win32
		{039F4BF6-0FB3-4A0F-ABF6-319E527C4477}.Release|Win32.ActiveCfg = Release|Win32
		{039F4BF6-0FB3-4A0F-ABF6-319E527C4477}.Release|Win32.Build.0 = Release|Win32
		{039F4BF6-0FB3-4A0F-ABF6-319E527C4477}.MinSizeRel|Win32.ActiveCfg = MinSizeRel|Win32
		{039F4BF6-0FB3-4A0F-ABF6-319E527C4477}.MinSizeRel|Win32.Build.0 = MinSizeRel|Win32
		{039F4BF6-0FB3-4A0F-ABF6-319E527C4477}.RelWithDebInfo|Win32.ActiveCfg = RelWithDebInfo|Win32
		{039F4BF6-0FB3-4A0F-ABF6-319E527C4477}.RelWithDebInfo|Win32.Build.0 = RelWithDebInfo|Win32
		{A8FE2512-8153-4DD1-92CF-9C3C23215A32}.Debug|Win32.ActiveCfg = Debug|Win32
		{A8FE2512-8153-4DD1-92CF-9C3C23215A32}.Debug|Win32.Build.0 = Debug|Win32
		{A8FE2512-8153-4DD1-92CF-9C3C23215A32}.Release|Win32.ActiveCfg = Release|Win32
		{A8FE2512-8153-4DD1-92CF-9C3C23215A32}.Release|Win32.Build.0 = Release|Win32
		{A8FE2512-8153-4DD1-92CF-9C3C23215A32}.MinSizeRel|Win32.ActiveCfg = MinSizeRel|Win32
		{A8FE2512-8153-4DD1-92CF-9C3C23215A32}.MinSizeRel|Win32.Build.0 = MinSizeRel|Win32
		{A8FE2512-8153-4DD1-92CF-9C3C23215A32}.RelWithDebInfo|Win32.ActiveCfg = RelWithDebInfo|Win32
		{A8FE2512-8153-4DD1-92CF-9C3C23215A32}.RelWithDebInfo|Win32.Build.0 = RelWithDebInfo|Win32
		{8F4CA099-B41F-4870-A7DE-86407C43F2CB}.Debug|Win32.ActiveCfg = Debug|Win32
		{8F4CA099-B41F-4870-A7DE-86407C43F2CB}.Debug|Win32.Build.0 = Debug|Win32
		{8F4CA099-B41F-4870-A7DE-86407C43F2CB}.Release|Win32.ActiveCfg = Release|Win32
		{8F4CA099-B41F-4870-A7DE-86407C43F2CB}.Release|Win32.Build.0 = Release|Win32
		{8F4CA099-B41F-4870-A7DE-86407C43F2CB}.MinSizeRel|Win32.ActiveCfg = MinSizeRel|Win32
		{8F4CA099-B41F-4870-A7DE-86407C43F2CB}.MinSizeRel|Win32.Build.0 = MinSizeRel|Win32
		{8F4CA099-B41F-4870-A7DE-86407C43F2CB}.RelWithDebInfo|Win32.ActiveCfg = RelWithDebInfo|Win32
		{8F4CA099-B41F-4870-A7DE-86407C43F2CB}.RelWithDebInfo|Win32.Build.0 = RelWithDebInfo|Win32
		{F45DB802-9E4E-4629-9724-202D16253292}.Debug|Win32.ActiveCfg = Debug|Win32
		{F45DB802-9E4E-4629-9724-202D16253292}.Debug|Win32.Build.0 = Debug|Win32
		{F45DB802-9E4E-4629-9724-202D16253292}.Release|Win32.ActiveCfg = Release|Win32
		{F45DB802-9E4E-4629-9724-202D16253292}.Release|Win32.Build.0 = Release|Win32
		{F45DB802-9E4E-4629-9724-202D16253292}.MinSizeRel|Win32.ActiveCfg = MinSizeRel|Win32
		{F45DB802-9E4E-4629-9724-202D16253292}.MinSizeRel|Win32.Build.0 = MinSizeRel|Win32
		{F45DB802-9E4E-4629-9724-202D16253292}.RelWithDebInfo|Win32.ActiveCfg = RelWithDebInfo|Win32
		{F45DB802-9E4E-4629-9724-202D16253292}.RelWithDebInfo|Win32.Build.0 = RelWithDebInfo|Win32
		{A9255EC6-7045-4E3D-A44B-54E6424F73F8}.Debug|Win32.ActiveCfg = Debug|Win32
		{A9255EC6-7045-4E3D-A44B-54E6424F73F8}.Debug|Win32.Build.0 = Debug|Win32
		{A9255EC6-7045-4E3D-A44B-54E6424F73F8}.Release|Win32.ActiveCfg = Release|Win32
		{A9255EC6-7045-4E3D-A44B-54E6424F73F8}.Release|Win32.Build.0 = Release|Win32
		{A9255EC6-7045-4E3D-A44B-54E6424F73F8}.MinSizeRel|Win32.ActiveCfg = MinSizeRel|Win32
		{A9255EC6-7045-4E3D-A44B-54E6424F73F8}.MinSizeRel|Win32.Build.0 = MinSizeRel|Win32
		{A9255EC6-7045-4E3D-A44B-54E6424F73F8}.RelWithDebInfo|Win32.ActiveCfg = RelWithDebInfo|Win32
		{A9255EC6-7045-4E3D-A44B-54E6424F73F8}.RelWithDebInfo|Win32.Build.0 = RelWithDebInfo|Win32
		{F24DFF5C-27C2-44DF-A3AD-FBD4618A3949}.Debug|Win32.ActiveCfg = Debug|Win32
		{F24DFF5C-27C2-44DF-A3AD-FBD4618A3949}.Debug|Win32.Build.0 = Debug|Win32
		{F24DFF5C-27C2-44DF-A3AD-FBD4618A3949}.Release|Win32.ActiveCfg = Release|Win32
		{F24DFF5C-27C2-44DF-A3AD-FBD4618A3949}.Release|Win32.Build.0 = Release|Win32
		{F24DFF5C-27C2-44DF-A3AD-FBD4618A3949}.MinSizeRel|Win32.ActiveCfg = MinSizeRel|Win32
		{F24DFF5C-27C2-44DF-A3AD-FBD4618A3949}.MinSizeRel|Win32.Build.0 = MinSizeRel|Win32
		{F24DFF5C-27C2-44DF-A3AD-FBD4618A3949}.RelWithDebInfo|Win32.ActiveCfg = RelWithDebInfo|Win32
		{F24DFF5C-27C2-44DF-A3AD-FBD4618A3949}.RelWithDebInfo|Win32.Build.0 = RelWithDebInfo|Win32
		{25F3A7CE-8162-4E1D-A4EE-0F86F052DAD9}.Debug|Win32.ActiveCfg = Debug|Win32
		{25F3A7CE-8162-4E1D-A4EE-0F86F052DAD9}.Debug|Win32.Build.0 = Debug|Win32
		{25F3A7CE-8162-4E1D-A4EE-0F86F052DAD9}.Release|Win32.ActiveCfg = Release|Win32
		{25F3A7CE-8162-4E1D-A4EE-0F86F052DAD9}.Release|Win32.Build.0 = Release|Win32
		{25F3A7CE-8162-4E1D-A4EE-0F86F052DAD9}.MinSizeRel|Win32.ActiveCfg = MinSizeRel|Win32
		{25F3A7CE-8162-4E1D-A4EE-0F86F052DAD9}.MinSizeRel|Win32.Build.0 = MinSizeRel|Win32
		{25F3A7CE-8162-4E1D-A4EE-0F86F052DAD9}.RelWithDebInfo|Win32.ActiveCfg = RelWithDebInfo|Win32
		{25F3A7CE-8162-4E1D-A4EE-0F86F052DAD9}.RelWithDebInfo|Win32.Build.0 = RelWithDebInfo|Win32
		{A2953A45-A27B-4175-A6EE-36D688811120}.Debug|Win32.ActiveCfg = Debug|Win32
		{A2953A45-A27B-4175-A6EE-36D688811120}.Debug|Win32.Build.0 = Debug|Win32
		{A2953A45-A27B-4175-A6EE-36D688811120}.Release|Win32.ActiveCfg = Release|Win32
		{A2953A45-A27B-4175-A6EE-36D688811120}.Release|Win32.Build.0 = Release|Win32
		{A2953A45-A27B-4175-A6EE-36D688811120}.MinSizeRel|Win32.ActiveCfg = MinSizeRel|Win32
		{A2953A45-A27B-4175-A6EE-36D688811120}.MinSizeRel|Win32.Build.0 = MinSizeRel|Win32
		{A2953A45-A27B-4175-A6EE-36D688811120}.RelWithDebInfo|Win32.ActiveCfg = RelWithDebInfo|Win32
		{A2953A45-A27B-4175-A6EE-36D688811120}.RelWithDebInfo|Win32.Build.0 = RelWithDebInfo|Win32
		{D1D4332E-8AD6-4F9B-9C73-472BF7E00722}.Debug|Win32.ActiveCfg = Debug|Win32
		{D1D4332E-8AD6-4F9B-9C73-472BF7E00722}.Debug|Win32.Build.0 = Debug|Win32
		{D1D4332E-8AD6-4F9B-9C73-472BF7E00722}.Release|Win32.ActiveCfg = Release|Win32
		{D1D4332E-8AD6-4F9B-9C73-472BF7E00722}.Release|Win32.Build.0 = Release|Win32
		{D1D4332E-8AD6-4F9B-9C73-472BF7E00722}.MinSizeRel|Win32.ActiveCfg = MinSizeRel|Win32
		{D1D4332E-8AD6-4F9B-9C73-472BF7E00722}.MinSizeRel|Win32.Build.0 = MinSizeRel|Win32
		{D1D4332E-8AD6-4F9B-9C73-472BF7E00722}.RelWithDebInfo|Win32.ActiveCfg = RelWithDebInfo|Win32
		{D1D4332E-8AD6-4F9B-9C73-472BF7E00722}.RelWithDebInfo|Win32.Build.0 = RelWithDebInfo|Win32
		{2D0E0991-B159-490E-9D19-93442C67D821}.Debug|Win32.ActiveCfg = Debug|Win32
		{2D0E0991-B159-490E-9D19-93442C67D821}.Debug|Win32.Build.0 = Debug|Win32
		{2D0E0991-B159-490E-9D19-93442C67D821}.Release|Win32.ActiveCfg = Release|Win32
		{2D0E0991-B159-490E-9D19-93442C67D821}.Release|Win32.Build.0 = Release|Win32
		{2D0E0991-B159-490E-9D19-93442C67D821}.MinSizeRel|Win32.ActiveCfg = MinSizeRel|Win32
		{2D0E0991-B159-490E-9D19-93442C67D821}.MinSizeRel|Win32.Build.0 = MinSizeRel|Win32
		{2D0E0991-B159-490E-9D19-93442C67D821}.RelWithDebInfo|Win32.ActiveCfg = RelWithDebInfo|Win32
		{2D0E0991-B159-490E-9D19-93442C67D821}.RelWithDebInfo|Win32.Build.0 = RelWithDebInfo|Win32
		{45A628D7-9F95-4B97-ADF5-A1D7DEA7C05C}.Debug|Win32.ActiveCfg = Debug|Win32
		{45A628D7-9F95-4B97-ADF5-A1D7DEA7C05C}.Debug|Win32.Build.0 = Debug|Win32
		{45A628D7-9F95-4B97-ADF5-A1D7DEA7C05C}.Release|Win32.ActiveCfg = Release|Win32
		{45A628D7-9F95-4B97-ADF5-A1D7DEA7C05C}.Release|Win32.Build.0 = Release|Win32
		{45A628D7-9F95-4B97-ADF5-A1D7DEA7C05C}.MinSizeRel|Win32.ActiveCfg = MinSizeRel|Win32
		{45A628D7-9F95-4B97-ADF5-A1D7DEA7C05C}.MinSizeRel|Win32.Build.0 = MinSizeRel|Win32
		{45A628D7-9F95-4B97-ADF5-A1D7DEA7C05C}.RelWithDebInfo|Win32.ActiveCfg = RelWithDebInfo|Win32
		{45A628D7-9F95-4B97-ADF5-A1D7DEA7C05C}.RelWithDebInfo|Win32.Build.0 = RelWithDebInfo|Win32
		{584FF3ED-5DC4-4394-97E9-034F580A82FF}.Debug|Win32.ActiveCfg = Debug|Win32
		{584FF3ED-5DC4-4394-97E9-034F580A82FF}.Debug|Win32.Build.0 = Debug|Win32
		{584FF3ED-5DC4-4394-97E9-034F580A82FF}.Release|Win32.ActiveCfg = Release|Win32
		{584FF3ED-5DC4-4394-97E9-034F580A82FF}.Release|Win32.Build.0 = Release|Win32
		{584FF3ED-5DC4-4394-97E9-034F580A82FF}.MinSizeRel|Win32.ActiveCfg = MinSizeRel|Win32
		{584FF3ED-5DC4-4394-97E9-034F580A82FF}.MinSizeRel|Win32.Build.0 = MinSizeRel|Win32
		{584FF3ED-5DC4-4394-97E9-034F580A82FF}.RelWithDebInfo|Win32.ActiveCfg = RelWithDebInfo|Win32
		{584FF3ED-5DC4-4394-97E9-034F580A82FF}.RelWithDebInfo|Win32.Build.0 = RelWithDebInfo|Win32
	EndGlobalSection
	GlobalSection(ExtensibilityGlobals) = postSolution
	EndGlobalSection
	GlobalSection(ExtensibilityAddIns) = postSolution
	EndGlobalSection
EndGlobal
